
Microsoft Visual Studio Solution File, Format Version 12.00
Project("{FAE04EC0-301F-11D3-BF4B-00C04F79EFBC}") = "PowerTools.API", "PowerTools.API\PowerTools.API.csproj", "{E89F6519-E914-4B50-B012-39B769535B90}"
EndProject
Project("{FAE04EC0-301F-11D3-BF4B-00C04F79EFBC}") = "PowerTools.API.Tests", "PowerTools.API.Tests\PowerTools.API.Tests.csproj", "{3E08C7F9-D5CC-4FB1-9070-92152E583EB9}"
EndProject
Project("{FAE04EC0-301F-11D3-BF4B-00C04F79EFBC}") = "PowerTools.API.PluginRegistration.Tests", "PowerTools.API.PluginRegistration.Tests\PowerTools.API.PluginRegistration.Tests.csproj", "{C25C520B-B867-4D01-A0A4-074089DD8F59}"
EndProject
Project("{FAE04EC0-301F-11D3-BF4B-00C04F79EFBC}") = "PowerTools.API.PluginRegistration.LiveTests", "PowerTools.API.PluginRegistration.LiveTests\PowerTools.API.PluginRegistration.LiveTests.csproj", "{B4E72D69-A3CB-4E81-9C28-31A723FA64B7}"
EndProject
Global
	GlobalSection(SolutionConfigurationPlatforms) = preSolution
		Debug|Any CPU = Debug|Any CPU
		Release|Any CPU = Release|Any CPU
	EndGlobalSection
	GlobalSection(ProjectConfigurationPlatforms) = postSolution
		{E89F6519-E914-4B50-B012-39B769535B90}.Debug|Any CPU.ActiveCfg = Debug|Any CPU
		{E89F6519-E914-4B50-B012-39B769535B90}.Debug|Any CPU.Build.0 = Debug|Any CPU
		{E89F6519-E914-4B50-B012-39B769535B90}.Release|Any CPU.ActiveCfg = Release|Any CPU
		{E89F6519-E914-4B50-B012-39B769535B90}.Release|Any CPU.Build.0 = Release|Any CPU
		{3E08C7F9-D5CC-4FB1-9070-92152E583EB9}.Debug|Any CPU.ActiveCfg = Debug|Any CPU
		{3E08C7F9-D5CC-4FB1-9070-92152E583EB9}.Debug|Any CPU.Build.0 = Debug|Any CPU
		{3E08C7F9-D5CC-4FB1-9070-92152E583EB9}.Release|Any CPU.ActiveCfg = Release|Any CPU
		{3E08C7F9-D5CC-4FB1-9070-92152E583EB9}.Release|Any CPU.Build.0 = Release|Any CPU
		{C25C520B-B867-4D01-A0A4-074089DD8F59}.Debug|Any CPU.ActiveCfg = Debug|Any CPU
		{C25C520B-B867-4D01-A0A4-074089DD8F59}.Debug|Any CPU.Build.0 = Debug|Any CPU
		{C25C520B-B867-4D01-A0A4-074089DD8F59}.Release|Any CPU.ActiveCfg = Release|Any CPU
		{C25C520B-B867-4D01-A0A4-074089DD8F59}.Release|Any CPU.Build.0 = Release|Any CPU
		{B4E72D69-A3CB-4E81-9C28-31A723FA64B7}.Debug|Any CPU.ActiveCfg = Debug|Any CPU
		{B4E72D69-A3CB-4E81-9C28-31A723FA64B7}.Debug|Any CPU.Build.0 = Debug|Any CPU
		{B4E72D69-A3CB-4E81-9C28-31A723FA64B7}.Release|Any CPU.ActiveCfg = Release|Any CPU
		{B4E72D69-A3CB-4E81-9C28-31A723FA64B7}.Release|Any CPU.Build.0 = Release|Any CPU
	EndGlobalSection
	GlobalSection(SolutionProperties) = preSolution
		HideSolutionNode = FALSE
	EndGlobalSection
EndGlobal
